// !$*UTF8*$!
{
	archiveVersion = 1;
	classes = {
	};
	objectVersion = 50;
	objects = {

/* Begin PBXBuildFile section */
		911637F5229F574600B8D460 /* AppDelegate.swift in Sources */ = {isa = PBXBuildFile; fileRef = 911637F4229F574600B8D460 /* AppDelegate.swift */; };
		911637F7229F574600B8D460 /* ViewController.swift in Sources */ = {isa = PBXBuildFile; fileRef = 911637F6229F574600B8D460 /* ViewController.swift */; };
		911637FA229F574600B8D460 /* Main.storyboard in Resources */ = {isa = PBXBuildFile; fileRef = 911637F8229F574600B8D460 /* Main.storyboard */; };
		911637FC229F574600B8D460 /* Assets.xcassets in Resources */ = {isa = PBXBuildFile; fileRef = 911637FB229F574600B8D460 /* Assets.xcassets */; };
		911637FF229F574600B8D460 /* LaunchScreen.storyboard in Resources */ = {isa = PBXBuildFile; fileRef = 911637FD229F574600B8D460 /* LaunchScreen.storyboard */; };
		9116380A229F574600B8D460 /* Habit_TrackerTests.swift in Sources */ = {isa = PBXBuildFile; fileRef = 91163809229F574600B8D460 /* Habit_TrackerTests.swift */; };
		91163815229F574700B8D460 /* Habit_TrackerUITests.swift in Sources */ = {isa = PBXBuildFile; fileRef = 91163814229F574700B8D460 /* Habit_TrackerUITests.swift */; };
/* End PBXBuildFile section */

/* Begin PBXContainerItemProxy section */
		91163806229F574600B8D460 /* PBXContainerItemProxy */ = {
			isa = PBXContainerItemProxy;
			containerPortal = 911637E9229F574600B8D460 /* Project object */;
			proxyType = 1;
			remoteGlobalIDString = 911637F0229F574600B8D460;
			remoteInfo = "Habit Tracker";
		};
		91163811229F574700B8D460 /* PBXContainerItemProxy */ = {
			isa = PBXContainerItemProxy;
			containerPortal = 911637E9229F574600B8D460 /* Project object */;
			proxyType = 1;
			remoteGlobalIDString = 911637F0229F574600B8D460;
			remoteInfo = "Habit Tracker";
		};
/* End PBXContainerItemProxy section */

/* Begin PBXFileReference section */
		911637F1229F574600B8D460 /* Habit Tracker.app */ = {isa = PBXFileReference; explicitFileType = wrapper.application; includeInIndex = 0; path = "Habit Tracker.app"; sourceTree = BUILT_PRODUCTS_DIR; };
		911637F4229F574600B8D460 /* AppDelegate.swift */ = {isa = PBXFileReference; lastKnownFileType = sourcecode.swift; path = AppDelegate.swift; sourceTree = "<group>"; };
		911637F6229F574600B8D460 /* ViewController.swift */ = {isa = PBXFileReference; lastKnownFileType = sourcecode.swift; path = ViewController.swift; sourceTree = "<group>"; };
		911637F9229F574600B8D460 /* Base */ = {isa = PBXFileReference; lastKnownFileType = file.storyboard; name = Base; path = Base.lproj/Main.storyboard; sourceTree = "<group>"; };
		911637FB229F574600B8D460 /* Assets.xcassets */ = {isa = PBXFileReference; lastKnownFileType = folder.assetcatalog; path = Assets.xcassets; sourceTree = "<group>"; };
		911637FE229F574600B8D460 /* Base */ = {isa = PBXFileReference; lastKnownFileType = file.storyboard; name = Base; path = Base.lproj/LaunchScreen.storyboard; sourceTree = "<group>"; };
		91163800229F574600B8D460 /* Info.plist */ = {isa = PBXFileReference; lastKnownFileType = text.plist.xml; path = Info.plist; sourceTree = "<group>"; };
		91163805229F574600B8D460 /* Habit TrackerTests.xctest */ = {isa = PBXFileReference; explicitFileType = wrapper.cfbundle; includeInIndex = 0; path = "Habit TrackerTests.xctest"; sourceTree = BUILT_PRODUCTS_DIR; };
		91163809229F574600B8D460 /* Habit_TrackerTests.swift */ = {isa = PBXFileReference; lastKnownFileType = sourcecode.swift; path = Habit_TrackerTests.swift; sourceTree = "<group>"; };
		9116380B229F574600B8D460 /* Info.plist */ = {isa = PBXFileReference; lastKnownFileType = text.plist.xml; path = Info.plist; sourceTree = "<group>"; };
		91163810229F574700B8D460 /* Habit TrackerUITests.xctest */ = {isa = PBXFileReference; explicitFileType = wrapper.cfbundle; includeInIndex = 0; path = "Habit TrackerUITests.xctest"; sourceTree = BUILT_PRODUCTS_DIR; };
		91163814229F574700B8D460 /* Habit_TrackerUITests.swift */ = {isa = PBXFileReference; lastKnownFileType = sourcecode.swift; path = Habit_TrackerUITests.swift; sourceTree = "<group>"; };
		91163816229F574700B8D460 /* Info.plist */ = {isa = PBXFileReference; lastKnownFileType = text.plist.xml; path = Info.plist; sourceTree = "<group>"; };
/* End PBXFileReference section */

/* Begin PBXFrameworksBuildPhase section */
		911637EE229F574600B8D460 /* Frameworks */ = {
			isa = PBXFrameworksBuildPhase;
			buildActionMask = 2147483647;
			files = (
			);
			runOnlyForDeploymentPostprocessing = 0;
		};
		91163802229F574600B8D460 /* Frameworks */ = {
			isa = PBXFrameworksBuildPhase;
			buildActionMask = 2147483647;
			files = (
			);
			runOnlyForDeploymentPostprocessing = 0;
		};
		9116380D229F574700B8D460 /* Frameworks */ = {
			isa = PBXFrameworksBuildPhase;
			buildActionMask = 2147483647;
			files = (
			);
			runOnlyForDeploymentPostprocessing = 0;
		};
/* End PBXFrameworksBuildPhase section */

/* Begin PBXGroup section */
		911637E8229F574600B8D460 = {
			isa = PBXGroup;
			children = (
				911637F3229F574600B8D460 /* Habit Tracker */,
				91163808229F574600B8D460 /* Habit TrackerTests */,
				91163813229F574700B8D460 /* Habit TrackerUITests */,
				911637F2229F574600B8D460 /* Products */,
			);
			sourceTree = "<group>";
		};
		911637F2229F574600B8D460 /* Products */ = {
			isa = PBXGroup;
			children = (
				911637F1229F574600B8D460 /* Habit Tracker.app */,
				91163805229F574600B8D460 /* Habit TrackerTests.xctest */,
				91163810229F574700B8D460 /* Habit TrackerUITests.xctest */,
			);
			name = Products;
			sourceTree = "<group>";
		};
		911637F3229F574600B8D460 /* Habit Tracker */ = {
			isa = PBXGroup;
			children = (
				911637F4229F574600B8D460 /* AppDelegate.swift */,
				911637F6229F574600B8D460 /* ViewController.swift */,
				911637F8229F574600B8D460 /* Main.storyboard */,
				911637FB229F574600B8D460 /* Assets.xcassets */,
				911637FD229F574600B8D460 /* LaunchScreen.storyboard */,
				91163800229F574600B8D460 /* Info.plist */,
			);
			path = "Habit Tracker";
			sourceTree = "<group>";
		};
		91163808229F574600B8D460 /* Habit TrackerTests */ = {
			isa = PBXGroup;
			children = (
				91163809229F574600B8D460 /* Habit_TrackerTests.swift */,
				9116380B229F574600B8D460 /* Info.plist */,
			);
			path = "Habit TrackerTests";
			sourceTree = "<group>";
		};
		91163813229F574700B8D460 /* Habit TrackerUITests */ = {
			isa = PBXGroup;
			children = (
				91163814229F574700B8D460 /* Habit_TrackerUITests.swift */,
				91163816229F574700B8D460 /* Info.plist */,
			);
			path = "Habit TrackerUITests";
			sourceTree = "<group>";
		};
/* End PBXGroup section */

/* Begin PBXNativeTarget section */
		911637F0229F574600B8D460 /* Habit Tracker */ = {
			isa = PBXNativeTarget;
			buildConfigurationList = 91163819229F574700B8D460 /* Build configuration list for PBXNativeTarget "Habit Tracker" */;
			buildPhases = (
				911637ED229F574600B8D460 /* Sources */,
				911637EE229F574600B8D460 /* Frameworks */,
				911637EF229F574600B8D460 /* Resources */,
			);
			buildRules = (
			);
			dependencies = (
			);
			name = "Habit Tracker";
			productName = "Habit Tracker";
			productReference = 911637F1229F574600B8D460 /* Habit Tracker.app */;
			productType = "com.apple.product-type.application";
		};
		91163804229F574600B8D460 /* Habit TrackerTests */ = {
			isa = PBXNativeTarget;
			buildConfigurationList = 9116381C229F574700B8D460 /* Build configuration list for PBXNativeTarget "Habit TrackerTests" */;
			buildPhases = (
				91163801229F574600B8D460 /* Sources */,
				91163802229F574600B8D460 /* Frameworks */,
				91163803229F574600B8D460 /* Resources */,
			);
			buildRules = (
			);
			dependencies = (
				91163807229F574600B8D460 /* PBXTargetDependency */,
			);
			name = "Habit TrackerTests";
			productName = "Habit TrackerTests";
			productReference = 91163805229F574600B8D460 /* Habit TrackerTests.xctest */;
			productType = "com.apple.product-type.bundle.unit-test";
		};
		9116380F229F574700B8D460 /* Habit TrackerUITests */ = {
			isa = PBXNativeTarget;
			buildConfigurationList = 9116381F229F574700B8D460 /* Build configuration list for PBXNativeTarget "Habit TrackerUITests" */;
			buildPhases = (
				9116380C229F574700B8D460 /* Sources */,
				9116380D229F574700B8D460 /* Frameworks */,
				9116380E229F574700B8D460 /* Resources */,
			);
			buildRules = (
			);
			dependencies = (
				91163812229F574700B8D460 /* PBXTargetDependency */,
			);
			name = "Habit TrackerUITests";
			productName = "Habit TrackerUITests";
			productReference = 91163810229F574700B8D460 /* Habit TrackerUITests.xctest */;
			productType = "com.apple.product-type.bundle.ui-testing";
		};
/* End PBXNativeTarget section */

/* Begin PBXProject section */
		911637E9229F574600B8D460 /* Project object */ = {
			isa = PBXProject;
			attributes = {
				LastSwiftUpdateCheck = 1020;
				LastUpgradeCheck = 1020;
				ORGANIZATIONNAME = Caar;
				TargetAttributes = {
					911637F0229F574600B8D460 = {
						CreatedOnToolsVersion = 10.2.1;
					};
					91163804229F574600B8D460 = {
						CreatedOnToolsVersion = 10.2.1;
						TestTargetID = 911637F0229F574600B8D460;
					};
					9116380F229F574700B8D460 = {
						CreatedOnToolsVersion = 10.2.1;
						TestTargetID = 911637F0229F574600B8D460;
					};
				};
			};
			buildConfigurationList = 911637EC229F574600B8D460 /* Build configuration list for PBXProject "Habit Tracker" */;
			compatibilityVersion = "Xcode 9.3";
			developmentRegion = en;
			hasScannedForEncodings = 0;
			knownRegions = (
				en,
				Base,
			);
			mainGroup = 911637E8229F574600B8D460;
			productRefGroup = 911637F2229F574600B8D460 /* Products */;
			projectDirPath = "";
			projectRoot = "";
			targets = (
				911637F0229F574600B8D460 /* Habit Tracker */,
				91163804229F574600B8D460 /* Habit TrackerTests */,
				9116380F229F574700B8D460 /* Habit TrackerUITests */,
			);
		};
/* End PBXProject section */

/* Begin PBXResourcesBuildPhase section */
		911637EF229F574600B8D460 /* Resources */ = {
			isa = PBXResourcesBuildPhase;
			buildActionMask = 2147483647;
			files = (
				911637FF229F574600B8D460 /* LaunchScreen.storyboard in Resources */,
				911637FC229F574600B8D460 /* Assets.xcassets in Resources */,
				911637FA229F574600B8D460 /* Main.storyboard in Resources */,
			);
			runOnlyForDeploymentPostprocessing = 0;
		};
		91163803229F574600B8D460 /* Resources */ = {
			isa = PBXResourcesBuildPhase;
			buildActionMask = 2147483647;
			files = (
			);
			runOnlyForDeploymentPostprocessing = 0;
		};
		9116380E229F574700B8D460 /* Resources */ = {
			isa = PBXResourcesBuildPhase;
			buildActionMask = 2147483647;
			files = (
			);
			runOnlyForDeploymentPostprocessing = 0;
		};
/* End PBXResourcesBuildPhase section */

/* Begin PBXSourcesBuildPhase section */
		911637ED229F574600B8D460 /* Sources */ = {
			isa = PBXSourcesBuildPhase;
			buildActionMask = 2147483647;
			files = (
				911637F7229F574600B8D460 /* ViewController.swift in Sources */,
				911637F5229F574600B8D460 /* AppDelegate.swift in Sources */,
			);
			runOnlyForDeploymentPostprocessing = 0;
		};
		91163801229F574600B8D460 /* Sources */ = {
			isa = PBXSourcesBuildPhase;
			buildActionMask = 2147483647;
			files = (
				9116380A229F574600B8D460 /* Habit_TrackerTests.swift in Sources */,
			);
			runOnlyForDeploymentPostprocessing = 0;
		};
		9116380C229F574700B8D460 /* Sources */ = {
			isa = PBXSourcesBuildPhase;
			buildActionMask = 2147483647;
			files = (
				91163815229F574700B8D460 /* Habit_TrackerUITests.swift in Sources */,
			);
			runOnlyForDeploymentPostprocessing = 0;
		};
/* End PBXSourcesBuildPhase section */

/* Begin PBXTargetDependency section */
		91163807229F574600B8D460 /* PBXTargetDependency */ = {
			isa = PBXTargetDependency;
			target = 911637F0229F574600B8D460 /* Habit Tracker */;
			targetProxy = 91163806229F574600B8D460 /* PBXContainerItemProxy */;
		};
		91163812229F574700B8D460 /* PBXTargetDependency */ = {
			isa = PBXTargetDependency;
			target = 911637F0229F574600B8D460 /* Habit Tracker */;
			targetProxy = 91163811229F574700B8D460 /* PBXContainerItemProxy */;
		};
/* End PBXTargetDependency section */

/* Begin PBXVariantGroup section */
		911637F8229F574600B8D460 /* Main.storyboard */ = {
			isa = PBXVariantGroup;
			children = (
				911637F9229F574600B8D460 /* Base */,
			);
			name = Main.storyboard;
			sourceTree = "<group>";
		};
		911637FD229F574600B8D460 /* LaunchScreen.storyboard */ = {
			isa = PBXVariantGroup;
			children = (
				911637FE229F574600B8D460 /* Base */,
			);
			name = LaunchScreen.storyboard;
			sourceTree = "<group>";
		};
/* End PBXVariantGroup section */

/* Begin XCBuildConfiguration section */
		91163817229F574700B8D460 /* Debug */ = {
			isa = XCBuildConfiguration;
			buildSettings = {
				ALWAYS_SEARCH_USER_PATHS = NO;
				CLANG_ANALYZER_NONNULL = YES;
				CLANG_ANALYZER_NUMBER_OBJECT_CONVERSION = YES_AGGRESSIVE;
				CLANG_CXX_LANGUAGE_STANDARD = "gnu++14";
				CLANG_CXX_LIBRARY = "libc++";
				CLANG_ENABLE_MODULES = YES;
				CLANG_ENABLE_OBJC_ARC = YES;
				CLANG_ENABLE_OBJC_WEAK = YES;
				CLANG_WARN_BLOCK_CAPTURE_AUTORELEASING = YES;
				CLANG_WARN_BOOL_CONVERSION = YES;
				CLANG_WARN_COMMA = YES;
				CLANG_WARN_CONSTANT_CONVERSION = YES;
				CLANG_WARN_DEPRECATED_OBJC_IMPLEMENTATIONS = YES;
				CLANG_WARN_DIRECT_OBJC_ISA_USAGE = YES_ERROR;
				CLANG_WARN_DOCUMENTATION_COMMENTS = YES;
				CLANG_WARN_EMPTY_BODY = YES;
				CLANG_WARN_ENUM_CONVERSION = YES;
				CLANG_WARN_INFINITE_RECURSION = YES;
				CLANG_WARN_INT_CONVERSION = YES;
				CLANG_WARN_NON_LITERAL_NULL_CONVERSION = YES;
				CLANG_WARN_OBJC_IMPLICIT_RETAIN_SELF = YES;
				CLANG_WARN_OBJC_LITERAL_CONVERSION = YES;
				CLANG_WARN_OBJC_ROOT_CLASS = YES_ERROR;
				CLANG_WARN_RANGE_LOOP_ANALYSIS = YES;
				CLANG_WARN_STRICT_PROTOTYPES = YES;
				CLANG_WARN_SUSPICIOUS_MOVE = YES;
				CLANG_WARN_UNGUARDED_AVAILABILITY = YES_AGGRESSIVE;
				CLANG_WARN_UNREACHABLE_CODE = YES;
				CLANG_WARN__DUPLICATE_METHOD_MATCH = YES;
				CODE_SIGN_IDENTITY = "iPhone Developer";
				COPY_PHASE_STRIP = NO;
				DEBUG_INFORMATION_FORMAT = dwarf;
				ENABLE_STRICT_OBJC_MSGSEND = YES;
				ENABLE_TESTABILITY = YES;
				GCC_C_LANGUAGE_STANDARD = gnu11;
				GCC_DYNAMIC_NO_PIC = NO;
				GCC_NO_COMMON_BLOCKS = YES;
				GCC_OPTIMIZATION_LEVEL = 0;
				GCC_PREPROCESSOR_DEFINITIONS = (
					"DEBUG=1",
					"$(inherited)",
				);
				GCC_WARN_64_TO_32_BIT_CONVERSION = YES;
				GCC_WARN_ABOUT_RETURN_TYPE = YES_ERROR;
				GCC_WARN_UNDECLARED_SELECTOR = YES;
				GCC_WARN_UNINITIALIZED_AUTOS = YES_AGGRESSIVE;
				GCC_WARN_UNUSED_FUNCTION = YES;
				GCC_WARN_UNUSED_VARIABLE = YES;
				IPHONEOS_DEPLOYMENT_TARGET = 12.2;
				MTL_ENABLE_DEBUG_INFO = INCLUDE_SOURCE;
				MTL_FAST_MATH = YES;
				ONLY_ACTIVE_ARCH = YES;
				SDKROOT = iphoneos;
				SWIFT_ACTIVE_COMPILATION_CONDITIONS = DEBUG;
				SWIFT_OPTIMIZATION_LEVEL = "-Onone";
			};
			name = Debug;
		};
		91163818229F574700B8D460 /* Release */ = {
			isa = XCBuildConfiguration;
			buildSettings = {
				ALWAYS_SEARCH_USER_PATHS = NO;
				CLANG_ANALYZER_NONNULL = YES;
				CLANG_ANALYZER_NUMBER_OBJECT_CONVERSION = YES_AGGRESSIVE;
				CLANG_CXX_LANGUAGE_STANDARD = "gnu++14";
				CLANG_CXX_LIBRARY = "libc++";
				CLANG_ENABLE_MODULES = YES;
				CLANG_ENABLE_OBJC_ARC = YES;
				CLANG_ENABLE_OBJC_WEAK = YES;
				CLANG_WARN_BLOCK_CAPTURE_AUTORELEASING = YES;
				CLANG_WARN_BOOL_CONVERSION = YES;
				CLANG_WARN_COMMA = YES;
				CLANG_WARN_CONSTANT_CONVERSION = YES;
				CLANG_WARN_DEPRECATED_OBJC_IMPLEMENTATIONS = YES;
				CLANG_WARN_DIRECT_OBJC_ISA_USAGE = YES_ERROR;
				CLANG_WARN_DOCUMENTATION_COMMENTS = YES;
				CLANG_WARN_EMPTY_BODY = YES;
				CLANG_WARN_ENUM_CONVERSION = YES;
				CLANG_WARN_INFINITE_RECURSION = YES;
				CLANG_WARN_INT_CONVERSION = YES;
				CLANG_WARN_NON_LITERAL_NULL_CONVERSION = YES;
				CLANG_WARN_OBJC_IMPLICIT_RETAIN_SELF = YES;
				CLANG_WARN_OBJC_LITERAL_CONVERSION = YES;
				CLANG_WARN_OBJC_ROOT_CLASS = YES_ERROR;
				CLANG_WARN_RANGE_LOOP_ANALYSIS = YES;
				CLANG_WARN_STRICT_PROTOTYPES = YES;
				CLANG_WARN_SUSPICIOUS_MOVE = YES;
				CLANG_WARN_UNGUARDED_AVAILABILITY = YES_AGGRESSIVE;
				CLANG_WARN_UNREACHABLE_CODE = YES;
				CLANG_WARN__DUPLICATE_METHOD_MATCH = YES;
				CODE_SIGN_IDENTITY = "iPhone Developer";
				COPY_PHASE_STRIP = NO;
				DEBUG_INFORMATION_FORMAT = "dwarf-with-dsym";
				ENABLE_NS_ASSERTIONS = NO;
				ENABLE_STRICT_OBJC_MSGSEND = YES;
				GCC_C_LANGUAGE_STANDARD = gnu11;
				GCC_NO_COMMON_BLOCKS = YES;
				GCC_WARN_64_TO_32_BIT_CONVERSION = YES;
				GCC_WARN_ABOUT_RETURN_TYPE = YES_ERROR;
				GCC_WARN_UNDECLARED_SELECTOR = YES;
				GCC_WARN_UNINITIALIZED_AUTOS = YES_AGGRESSIVE;
				GCC_WARN_UNUSED_FUNCTION = YES;
				GCC_WARN_UNUSED_VARIABLE = YES;
				IPHONEOS_DEPLOYMENT_TARGET = 12.2;
				MTL_ENABLE_DEBUG_INFO = NO;
				MTL_FAST_MATH = YES;
				SDKROOT = iphoneos;
				SWIFT_COMPILATION_MODE = wholemodule;
				SWIFT_OPTIMIZATION_LEVEL = "-O";
				VALIDATE_PRODUCT = YES;
			};
			name = Release;
		};
		9116381A229F574700B8D460 /* Debug */ = {
			isa = XCBuildConfiguration;
			buildSettings = {
				ASSETCATALOG_COMPILER_APPICON_NAME = AppIcon;
				CODE_SIGN_STYLE = Automatic;
				INFOPLIST_FILE = "Habit Tracker/Info.plist";
				LD_RUNPATH_SEARCH_PATHS = (
					"$(inherited)",
					"@executable_path/Frameworks",
				);
				PRODUCT_BUNDLE_IDENTIFIER = "com.caar.Habit-Tracker";
				PRODUCT_NAME = "$(TARGET_NAME)";
				SWIFT_VERSION = 5.0;
				TARGETED_DEVICE_FAMILY = "1,2";
			};
			name = Debug;
		};
		9116381B229F574700B8D460 /* Release */ = {
			isa = XCBuildConfiguration;
			buildSettings = {
				ASSETCATALOG_COMPILER_APPICON_NAME = AppIcon;
				CODE_SIGN_STYLE = Automatic;
				INFOPLIST_FILE = "Habit Tracker/Info.plist";
				LD_RUNPATH_SEARCH_PATHS = (
					"$(inherited)",
					"@executable_path/Frameworks",
				);
				PRODUCT_BUNDLE_IDENTIFIER = "com.caar.Habit-Tracker";
				PRODUCT_NAME = "$(TARGET_NAME)";
				SWIFT_VERSION = 5.0;
				TARGETED_DEVICE_FAMILY = "1,2";
			};
			name = Release;
		};
		9116381D229F574700B8D460 /* Debug */ = {
			isa = XCBuildConfiguration;
			buildSettings = {
				ALWAYS_EMBED_SWIFT_STANDARD_LIBRARIES = YES;
				BUNDLE_LOADER = "$(TEST_HOST)";
				CODE_SIGN_STYLE = Automatic;
				INFOPLIST_FILE = "Habit TrackerTests/Info.plist";
				LD_RUNPATH_SEARCH_PATHS = (
					"$(inherited)",
					"@executable_path/Frameworks",
					"@loader_path/Frameworks",
				);
				PRODUCT_BUNDLE_IDENTIFIER = "com.caar.Habit-TrackerTests";
				PRODUCT_NAME = "$(TARGET_NAME)";
				SWIFT_VERSION = 5.0;
				TARGETED_DEVICE_FAMILY = "1,2";
				TEST_HOST = "$(BUILT_PRODUCTS_DIR)/Habit Tracker.app/Habit Tracker";
			};
			name = Debug;
		};
		9116381E229F574700B8D460 /* Release */ = {
			isa = XCBuildConfiguration;
			buildSettings = {
				ALWAYS_EMBED_SWIFT_STANDARD_LIBRARIES = YES;
				BUNDLE_LOADER = "$(TEST_HOST)";
				CODE_SIGN_STYLE = Automatic;
				INFOPLIST_FILE = "Habit TrackerTests/Info.plist";
				LD_RUNPATH_SEARCH_PATHS = (
					"$(inherited)",
					"@executable_path/Frameworks",
					"@loader_path/Frameworks",
				);
				PRODUCT_BUNDLE_IDENTIFIER = "com.caar.Habit-TrackerTests";
				PRODUCT_NAME = "$(TARGET_NAME)";
				SWIFT_VERSION = 5.0;
				TARGETED_DEVICE_FAMILY = "1,2";
				TEST_HOST = "$(BUILT_PRODUCTS_DIR)/Habit Tracker.app/Habit Tracker";
			};
			name = Release;
		};
		91163820229F574700B8D460 /* Debug */ = {
			isa = XCBuildConfiguration;
			buildSettings = {
				ALWAYS_EMBED_SWIFT_STANDARD_LIBRARIES = YES;
				CODE_SIGN_STYLE = Automatic;
				INFOPLIST_FILE = "Habit TrackerUITests/Info.plist";
				LD_RUNPATH_SEARCH_PATHS = (
					"$(inherited)",
					"@executable_path/Frameworks",
					"@loader_path/Frameworks",
				);
				PRODUCT_BUNDLE_IDENTIFIER = "com.caar.Habit-TrackerUITests";
				PRODUCT_NAME = "$(TARGET_NAME)";
				SWIFT_VERSION = 5.0;
				TARGETED_DEVICE_FAMILY = "1,2";
				TEST_TARGET_NAME = "Habit Tracker";
			};
			name = Debug;
		};
		91163821229F574700B8D460 /* Release */ = {
			isa = XCBuildConfiguration;
			buildSettings = {
				ALWAYS_EMBED_SWIFT_STANDARD_LIBRARIES = YES;
				CODE_SIGN_STYLE = Automatic;
				INFOPLIST_FILE = "Habit TrackerUITests/Info.plist";
				LD_RUNPATH_SEARCH_PATHS = (
					"$(inherited)",
					"@executable_path/Frameworks",
					"@loader_path/Frameworks",
				);
				PRODUCT_BUNDLE_IDENTIFIER = "com.caar.Habit-TrackerUITests";
				PRODUCT_NAME = "$(TARGET_NAME)";
				SWIFT_VERSION = 5.0;
				TARGETED_DEVICE_FAMILY = "1,2";
				TEST_TARGET_NAME = "Habit Tracker";
			};
			name = Release;
		};
/* End XCBuildConfiguration section */

/* Begin XCConfigurationList section */
		911637EC229F574600B8D460 /* Build configuration list for PBXProject "Habit Tracker" */ = {
			isa = XCConfigurationList;
			buildConfigurations = (
				91163817229F574700B8D460 /* Debug */,
				91163818229F574700B8D460 /* Release */,
			);
			defaultConfigurationIsVisible = 0;
			defaultConfigurationName = Release;
		};
		91163819229F574700B8D460 /* Build configuration list for PBXNativeTarget "Habit Tracker" */ = {
			isa = XCConfigurationList;
			buildConfigurations = (
				9116381A229F574700B8D460 /* Debug */,
				9116381B229F574700B8D460 /* Release */,
			);
			defaultConfigurationIsVisible = 0;
			defaultConfigurationName = Release;
		};
		9116381C229F574700B8D460 /* Build configuration list for PBXNativeTarget "Habit TrackerTests" */ = {
			isa = XCConfigurationList;
			buildConfigurations = (
				9116381D229F574700B8D460 /* Debug */,
				9116381E229F574700B8D460 /* Release */,
			);
			defaultConfigurationIsVisible = 0;
			defaultConfigurationName = Release;
		};
		9116381F229F574700B8D460 /* Build configuration list for PBXNativeTarget "Habit TrackerUITests" */ = {
			isa = XCConfigurationList;
			buildConfigurations = (
				91163820229F574700B8D460 /* Debug */,
				91163821229F574700B8D460 /* Release */,
			);
			defaultConfigurationIsVisible = 0;
			defaultConfigurationName = Release;
		};
/* End XCConfigurationList section */
	};
	rootObject = 911637E9229F574600B8D460 /* Project object */;
}
